
Microsoft Visual Studio Solution File, Format Version 11.00
# Visual Studio 2010
Project("{FAE04EC0-301F-11D3-BF4B-00C04F79EFBC}") = "Unmonitor", "Unmonitor\Unmonitor.csproj", "{2B69FEEC-7A11-4D51-AC63-35FFC9CB66FE}"
EndProject
Project("{FAE04EC0-301F-11D3-BF4B-00C04F79EFBC}") = "Unmonitor.Example", "Unmonitor.Example\Unmonitor.Example.csproj", "{17A02C85-39A8-415E-9FDB-F93913655CF8}"
EndProject
Global
	GlobalSection(SolutionConfigurationPlatforms) = preSolution
		Debug|Any CPU = Debug|Any CPU
		Release|Any CPU = Release|Any CPU
	EndGlobalSection
	GlobalSection(ProjectConfigurationPlatforms) = postSolution
		{17A02C85-39A8-415E-9FDB-F93913655CF8}.Debug|Any CPU.ActiveCfg = Debug|Any CPU
		{17A02C85-39A8-415E-9FDB-F93913655CF8}.Debug|Any CPU.Build.0 = Debug|Any CPU
		{17A02C85-39A8-415E-9FDB-F93913655CF8}.Release|Any CPU.ActiveCfg = Release|Any CPU
		{17A02C85-39A8-415E-9FDB-F93913655CF8}.Release|Any CPU.Build.0 = Release|Any CPU
		{2B69FEEC-7A11-4D51-AC63-35FFC9CB66FE}.Debug|Any CPU.ActiveCfg = Debug|Any CPU
		{2B69FEEC-7A11-4D51-AC63-35FFC9CB66FE}.Debug|Any CPU.Build.0 = Debug|Any CPU
		{2B69FEEC-7A11-4D51-AC63-35FFC9CB66FE}.Release|Any CPU.ActiveCfg = Release|Any CPU
		{2B69FEEC-7A11-4D51-AC63-35FFC9CB66FE}.Release|Any CPU.Build.0 = Release|Any CPU
	EndGlobalSection
	GlobalSection(MonoDevelopProperties) = preSolution
		StartupItem = Unmonitor.Example\Unmonitor.Example.csproj
	EndGlobalSection
EndGlobal
